
Microsoft Visual Studio Solution File, Format Version 12.00
# Visual Studio Version 16
VisualStudioVersion = 16.0.29418.71
MinimumVisualStudioVersion = 10.0.40219.1
Project("{9A19103F-16F7-4668-BE54-9A1E7A4F7556}") = "WebApplicationInDocker", "WebApplicationInDocker\WebApplicationInDocker.csproj", "{786B67D1-3BC3-48CE-B321-5596EBA5CBF4}"
EndProject
Project("{E53339B2-1760-4266-BCC7-CA923CBCF16C}") = "docker-compose", "docker-compose.dcproj", "{8BD0E8C4-1894-413E-AFC0-A9927DD49EAE}"
EndProject
Global
	GlobalSection(SolutionConfigurationPlatforms) = preSolution
		Debug|Any CPU = Debug|Any CPU
		Release|Any CPU = Release|Any CPU
	EndGlobalSection
	GlobalSection(ProjectConfigurationPlatforms) = postSolution
		{786B67D1-3BC3-48CE-B321-5596EBA5CBF4}.Debug|Any CPU.ActiveCfg = Debug|Any CPU
		{786B67D1-3BC3-48CE-B321-5596EBA5CBF4}.Debug|Any CPU.Build.0 = Debug|Any CPU
		{786B67D1-3BC3-48CE-B321-5596EBA5CBF4}.Release|Any CPU.ActiveCfg = Release|Any CPU
		{786B67D1-3BC3-48CE-B321-5596EBA5CBF4}.Release|Any CPU.Build.0 = Release|Any CPU
		{8BD0E8C4-1894-413E-AFC0-A9927DD49EAE}.Debug|Any CPU.ActiveCfg = Debug|Any CPU
		{8BD0E8C4-1894-413E-AFC0-A9927DD49EAE}.Debug|Any CPU.Build.0 = Debug|Any CPU
		{8BD0E8C4-1894-413E-AFC0-A9927DD49EAE}.Release|Any CPU.ActiveCfg = Release|Any CPU
		{8BD0E8C4-1894-413E-AFC0-A9927DD49EAE}.Release|Any CPU.Build.0 = Release|Any CPU
	EndGlobalSection
	GlobalSection(SolutionProperties) = preSolution
		HideSolutionNode = FALSE
	EndGlobalSection
	GlobalSection(ExtensibilityGlobals) = postSolution
		SolutionGuid = {D6AAC4A1-74E5-48B3-9C28-779051D89C70}
	EndGlobalSection
EndGlobal
